
Microsoft Visual Studio Solution File, Format Version 12.00
# Visual Studio Version 17
VisualStudioVersion = 17.5.33516.290
MinimumVisualStudioVersion = 10.0.40219.1
Project("{FAE04EC0-301F-11D3-BF4B-00C04F79EFBC}") = "calculatorAPI", "calculatorAPI\calculatorAPI.csproj", "{01BFBFB5-2719-4BFE-AC1B-9B2BF902410F}"
EndProject
Global
	GlobalSection(SolutionConfigurationPlatforms) = preSolution
		Debug|Any CPU = Debug|Any CPU
		Release|Any CPU = Release|Any CPU
	EndGlobalSection
	GlobalSection(ProjectConfigurationPlatforms) = postSolution
		{01BFBFB5-2719-4BFE-AC1B-9B2BF902410F}.Debug|Any CPU.ActiveCfg = Debug|Any CPU
		{01BFBFB5-2719-4BFE-AC1B-9B2BF902410F}.Debug|Any CPU.Build.0 = Debug|Any CPU
		{01BFBFB5-2719-4BFE-AC1B-9B2BF902410F}.Release|Any CPU.ActiveCfg = Release|Any CPU
		{01BFBFB5-2719-4BFE-AC1B-9B2BF902410F}.Release|Any CPU.Build.0 = Release|Any CPU
	EndGlobalSection
	GlobalSection(SolutionProperties) = preSolution
		HideSolutionNode = FALSE
	EndGlobalSection
	GlobalSection(ExtensibilityGlobals) = postSolution
		SolutionGuid = {F9DD1948-FE6C-48CE-A400-F7CDAD41AFC0}
	EndGlobalSection
EndGlobal
