
Microsoft Visual Studio Solution File, Format Version 12.00
# Visual Studio Version 17
VisualStudioVersion = 17.3.32922.545
MinimumVisualStudioVersion = 10.0.40219.1
Project("{9A19103F-16F7-4668-BE54-9A1E7A4F7556}") = "Enums_ER1", "Enums_ER1.csproj", "{B774109A-B70C-4D00-BBE9-55FC8D260F56}"
EndProject
Global
	GlobalSection(SolutionConfigurationPlatforms) = preSolution
		Debug|Any CPU = Debug|Any CPU
		Release|Any CPU = Release|Any CPU
	EndGlobalSection
	GlobalSection(ProjectConfigurationPlatforms) = postSolution
		{B774109A-B70C-4D00-BBE9-55FC8D260F56}.Debug|Any CPU.ActiveCfg = Debug|Any CPU
		{B774109A-B70C-4D00-BBE9-55FC8D260F56}.Debug|Any CPU.Build.0 = Debug|Any CPU
		{B774109A-B70C-4D00-BBE9-55FC8D260F56}.Release|Any CPU.ActiveCfg = Release|Any CPU
		{B774109A-B70C-4D00-BBE9-55FC8D260F56}.Release|Any CPU.Build.0 = Release|Any CPU
	EndGlobalSection
	GlobalSection(SolutionProperties) = preSolution
		HideSolutionNode = FALSE
	EndGlobalSection
	GlobalSection(ExtensibilityGlobals) = postSolution
		SolutionGuid = {792FCC3C-4729-4FC4-A8F5-0C6E3959E835}
	EndGlobalSection
EndGlobal
