
Microsoft Visual Studio Solution File, Format Version 12.00
# Visual Studio Version 17
VisualStudioVersion = 17.3.32922.545
MinimumVisualStudioVersion = 10.0.40219.1
Project("{9A19103F-16F7-4668-BE54-9A1E7A4F7556}") = "Threads", "Threads.csproj", "{ADF2C3BD-05B0-4E4A-A1E2-62ED897502F6}"
EndProject
Global
	GlobalSection(SolutionConfigurationPlatforms) = preSolution
		Debug|Any CPU = Debug|Any CPU
		Release|Any CPU = Release|Any CPU
	EndGlobalSection
	GlobalSection(ProjectConfigurationPlatforms) = postSolution
		{ADF2C3BD-05B0-4E4A-A1E2-62ED897502F6}.Debug|Any CPU.ActiveCfg = Debug|Any CPU
		{ADF2C3BD-05B0-4E4A-A1E2-62ED897502F6}.Debug|Any CPU.Build.0 = Debug|Any CPU
		{ADF2C3BD-05B0-4E4A-A1E2-62ED897502F6}.Release|Any CPU.ActiveCfg = Release|Any CPU
		{ADF2C3BD-05B0-4E4A-A1E2-62ED897502F6}.Release|Any CPU.Build.0 = Release|Any CPU
	EndGlobalSection
	GlobalSection(SolutionProperties) = preSolution
		HideSolutionNode = FALSE
	EndGlobalSection
	GlobalSection(ExtensibilityGlobals) = postSolution
		SolutionGuid = {EC236F18-AE0B-4908-9C40-D0B2CF745553}
	EndGlobalSection
EndGlobal
